# This file was autogenerated by Stack.
# You should not edit this file by hand.
# For more information, please see the documentation at:
#   https://docs.haskellstack.org/en/stable/lock_files

packages:
- completed:
    hackage: Unique-0.4.7.9@sha256:7c37e22b7bb9df935c22112e67043177461aedcebe3a958854f6c0e9ecb54083,2155
    pantry-tree:
      sha256: 67d44a292c49ab6cf09225c05186f1ab64b359e965017d9d389411e4c79f0803
      size: 1366
  original:
    hackage: Unique-0.4.7.9
- completed:
    hackage: llvm-hs-pure-9.0.0@sha256:10f655a15791a28cc53412ff9c7ce8245903da065d1dd3b981b33cfebd277693,3077
    pantry-tree:
      sha256: 4ff5e17f1277fdc7c2a2d3ddd6a314847bbb4564d052fdc5115fb0a047133104
      size: 2600
  original:
    hackage: llvm-hs-pure-9.0.0
- completed:
    hackage: llvm-hs-pretty-0.9.0.0@sha256:b7a5de5f3dd97893d19d2b47af1e4dd8d075a5cf57062180a912d1f3ef1def60,1671
    pantry-tree:
      sha256: 8cf6d628bb4f962575ad0993bb1010e9989cea00b325b8a45ac35ac201061386
      size: 4685
  original:
    hackage: llvm-hs-pretty-0.9.0.0
snapshots:
- completed:
    sha256: 694573e96dca34db5636edb1fe6c96bb233ca0f9fb96c1ead1671cdfa9bd73e9
    size: 585603
    url: https://raw.githubusercontent.com/commercialhaskell/stackage-snapshots/master/lts/18/3.yaml
  original: lts-18.3
